
Microsoft Visual Studio Solution File, Format Version 12.00
# Visual Studio Version 16
VisualStudioVersion = 16.0.30225.117
MinimumVisualStudioVersion = 10.0.40219.1
Project("{9A19103F-16F7-4668-BE54-9A1E7A4F7556}") = "Shopping-Cart", "Shopping-Cart\Shopping-Cart.csproj", "{C5508279-5883-4147-8781-A23E1CBD274C}"
EndProject
Project("{FAE04EC0-301F-11D3-BF4B-00C04F79EFBC}") = "Shopping-Cart-XUnitTest", "Shopping-Cart-XUnitTest\Shopping-Cart-XUnitTest.csproj", "{9CA43AE1-2545-4B78-B749-A8C8524302A9}"
EndProject
Global
	GlobalSection(SolutionConfigurationPlatforms) = preSolution
		Debug|Any CPU = Debug|Any CPU
		Release|Any CPU = Release|Any CPU
	EndGlobalSection
	GlobalSection(ProjectConfigurationPlatforms) = postSolution
		{C5508279-5883-4147-8781-A23E1CBD274C}.Debug|Any CPU.ActiveCfg = Debug|Any CPU
		{C5508279-5883-4147-8781-A23E1CBD274C}.Debug|Any CPU.Build.0 = Debug|Any CPU
		{C5508279-5883-4147-8781-A23E1CBD274C}.Release|Any CPU.ActiveCfg = Release|Any CPU
		{C5508279-5883-4147-8781-A23E1CBD274C}.Release|Any CPU.Build.0 = Release|Any CPU
		{9CA43AE1-2545-4B78-B749-A8C8524302A9}.Debug|Any CPU.ActiveCfg = Debug|Any CPU
		{9CA43AE1-2545-4B78-B749-A8C8524302A9}.Debug|Any CPU.Build.0 = Debug|Any CPU
		{9CA43AE1-2545-4B78-B749-A8C8524302A9}.Release|Any CPU.ActiveCfg = Release|Any CPU
		{9CA43AE1-2545-4B78-B749-A8C8524302A9}.Release|Any CPU.Build.0 = Release|Any CPU
	EndGlobalSection
	GlobalSection(SolutionProperties) = preSolution
		HideSolutionNode = FALSE
	EndGlobalSection
	GlobalSection(ExtensibilityGlobals) = postSolution
		SolutionGuid = {2C2CDE3C-C725-44CF-BAE7-B088B6DCA5B7}
	EndGlobalSection
EndGlobal
